
Microsoft Visual Studio Solution File, Format Version 12.00
# Visual Studio Version 17
VisualStudioVersion = 17.5.33530.505
MinimumVisualStudioVersion = 10.0.40219.1
Project("{FAE04EC0-301F-11D3-BF4B-00C04F79EFBC}") = "Task-6", "Task-6.csproj", "{A00F9039-1BF9-43E7-B344-943DCE9BF4BD}"
EndProject
Global
	GlobalSection(SolutionConfigurationPlatforms) = preSolution
		Debug|Any CPU = Debug|Any CPU
		Release|Any CPU = Release|Any CPU
	EndGlobalSection
	GlobalSection(ProjectConfigurationPlatforms) = postSolution
		{A00F9039-1BF9-43E7-B344-943DCE9BF4BD}.Debug|Any CPU.ActiveCfg = Debug|Any CPU
		{A00F9039-1BF9-43E7-B344-943DCE9BF4BD}.Debug|Any CPU.Build.0 = Debug|Any CPU
		{A00F9039-1BF9-43E7-B344-943DCE9BF4BD}.Release|Any CPU.ActiveCfg = Release|Any CPU
		{A00F9039-1BF9-43E7-B344-943DCE9BF4BD}.Release|Any CPU.Build.0 = Release|Any CPU
	EndGlobalSection
	GlobalSection(SolutionProperties) = preSolution
		HideSolutionNode = FALSE
	EndGlobalSection
	GlobalSection(ExtensibilityGlobals) = postSolution
		SolutionGuid = {616B9311-306C-4DEF-B228-CCABD8C3369E}
	EndGlobalSection
EndGlobal
